
Microsoft Visual Studio Solution File, Format Version 12.00
# Visual Studio Version 17
VisualStudioVersion = 17.7.34202.233
MinimumVisualStudioVersion = 10.0.40219.1
Project("{9A19103F-16F7-4668-BE54-9A1E7A4F7556}") = "01_Array", "Array\01_Array.csproj", "{93BDEE15-7F9A-487B-8D16-2AEA0B5C55E8}"
EndProject
Project("{9A19103F-16F7-4668-BE54-9A1E7A4F7556}") = "02_Array", "02_Array\02_Array.csproj", "{F1807118-8E0E-48EC-862A-BB970F759A65}"
EndProject
Project("{9A19103F-16F7-4668-BE54-9A1E7A4F7556}") = "03_Array", "03_Array\03_Array.csproj", "{CDFA05B6-56C0-46D3-AE56-7188DF98A6CB}"
EndProject
Project("{9A19103F-16F7-4668-BE54-9A1E7A4F7556}") = "04_ClasseArray", "04_ClasseArray\04_ClasseArray.csproj", "{38AC6D21-D68B-4B55-BB55-1A0121BE47F2}"
EndProject
Project("{9A19103F-16F7-4668-BE54-9A1E7A4F7556}") = "05_Exercicio_Array", "05_Exercicio_Array\05_Exercicio_Array.csproj", "{10E1ACE8-7378-481C-BDE8-C09B14210515}"
EndProject
Project("{9A19103F-16F7-4668-BE54-9A1E7A4F7556}") = "06_ModificadorParams", "06_ModificadorParams\06_ModificadorParams.csproj", "{A7211270-67AF-4AD9-AE80-0565C7A06408}"
EndProject
Project("{9A19103F-16F7-4668-BE54-9A1E7A4F7556}") = "07_ArrayMultidimensionais", "07_ArrayMultidimensionais\07_ArrayMultidimensionais.csproj", "{131087AF-7615-4E46-B62D-B705567452CD}"
EndProject
Project("{9A19103F-16F7-4668-BE54-9A1E7A4F7556}") = "08_ArrayBidimensional", "08_ArrayBidimensional\08_ArrayBidimensional.csproj", "{051E8A0E-A2C1-4D70-A905-A6977C894CC5}"
EndProject
Project("{9A19103F-16F7-4668-BE54-9A1E7A4F7556}") = "09_ExericicioArrayBidimensional", "09_ExericicioArrayBidimensional\09_ExericicioArrayBidimensional.csproj", "{D6C53B12-C4DE-4BC9-9F80-CAA9FCDD1C05}"
EndProject
Project("{9A19103F-16F7-4668-BE54-9A1E7A4F7556}") = "10_ArrayList", "10_ArrayList\10_ArrayList.csproj", "{211A3C23-AC29-422B-8CE2-42E956A574B2}"
EndProject
Project("{9A19103F-16F7-4668-BE54-9A1E7A4F7556}") = "11_ArrayList", "11_ArrayList\11_ArrayList.csproj", "{12DC2A5B-61B5-4325-9EAA-B8F74985CDCB}"
EndProject
Project("{9A19103F-16F7-4668-BE54-9A1E7A4F7556}") = "12_ArrayList", "12_ArraList\12_ArrayList.csproj", "{597EF140-930E-4D8C-83D0-C3D9DF449757}"
EndProject
Project("{9A19103F-16F7-4668-BE54-9A1E7A4F7556}") = "13_ArrayList", "13_ArrayList\13_ArrayList.csproj", "{B0CB2129-418E-4DBE-85A5-18C620B2FC03}"
EndProject
Project("{9A19103F-16F7-4668-BE54-9A1E7A4F7556}") = "14_ColecaoListT", "014_ColecaoListT\14_ColecaoListT.csproj", "{7FD2FC6D-1F91-403C-A74C-F2377431E711}"
EndProject
Project("{9A19103F-16F7-4668-BE54-9A1E7A4F7556}") = "15_ColecaoListT", "15_ColecaoListT\15_ColecaoListT.csproj", "{51AF8BBB-45E5-4192-A87A-5B0E11F56EF7}"
EndProject
Project("{9A19103F-16F7-4668-BE54-9A1E7A4F7556}") = "16_MétodosFindListT", "16_ListTMétodosFind\16_MétodosFindListT.csproj", "{9A0F26DD-E891-487C-AABB-25524142D32F}"
EndProject
Project("{9A19103F-16F7-4668-BE54-9A1E7A4F7556}") = "17_List_IEnumerable", "ConsoleApp1\17_List_IEnumerable.csproj", "{909328BA-326F-4268-AF32-7E93DAF5C87E}"
EndProject
Project("{FAE04EC0-301F-11D3-BF4B-00C04F79EFBC}") = "18_Exercicio_ListT", "18_Exercicio_ListT\18_Exercicio_ListT.csproj", "{368F6836-C22D-4A0B-94A4-2F9C1AC5E929}"
EndProject
Global
	GlobalSection(SolutionConfigurationPlatforms) = preSolution
		Debug|Any CPU = Debug|Any CPU
		Release|Any CPU = Release|Any CPU
	EndGlobalSection
	GlobalSection(ProjectConfigurationPlatforms) = postSolution
		{93BDEE15-7F9A-487B-8D16-2AEA0B5C55E8}.Debug|Any CPU.ActiveCfg = Debug|Any CPU
		{93BDEE15-7F9A-487B-8D16-2AEA0B5C55E8}.Debug|Any CPU.Build.0 = Debug|Any CPU
		{93BDEE15-7F9A-487B-8D16-2AEA0B5C55E8}.Release|Any CPU.ActiveCfg = Release|Any CPU
		{93BDEE15-7F9A-487B-8D16-2AEA0B5C55E8}.Release|Any CPU.Build.0 = Release|Any CPU
		{F1807118-8E0E-48EC-862A-BB970F759A65}.Debug|Any CPU.ActiveCfg = Debug|Any CPU
		{F1807118-8E0E-48EC-862A-BB970F759A65}.Debug|Any CPU.Build.0 = Debug|Any CPU
		{F1807118-8E0E-48EC-862A-BB970F759A65}.Release|Any CPU.ActiveCfg = Release|Any CPU
		{F1807118-8E0E-48EC-862A-BB970F759A65}.Release|Any CPU.Build.0 = Release|Any CPU
		{CDFA05B6-56C0-46D3-AE56-7188DF98A6CB}.Debug|Any CPU.ActiveCfg = Debug|Any CPU
		{CDFA05B6-56C0-46D3-AE56-7188DF98A6CB}.Debug|Any CPU.Build.0 = Debug|Any CPU
		{CDFA05B6-56C0-46D3-AE56-7188DF98A6CB}.Release|Any CPU.ActiveCfg = Release|Any CPU
		{CDFA05B6-56C0-46D3-AE56-7188DF98A6CB}.Release|Any CPU.Build.0 = Release|Any CPU
		{38AC6D21-D68B-4B55-BB55-1A0121BE47F2}.Debug|Any CPU.ActiveCfg = Debug|Any CPU
		{38AC6D21-D68B-4B55-BB55-1A0121BE47F2}.Debug|Any CPU.Build.0 = Debug|Any CPU
		{38AC6D21-D68B-4B55-BB55-1A0121BE47F2}.Release|Any CPU.ActiveCfg = Release|Any CPU
		{38AC6D21-D68B-4B55-BB55-1A0121BE47F2}.Release|Any CPU.Build.0 = Release|Any CPU
		{10E1ACE8-7378-481C-BDE8-C09B14210515}.Debug|Any CPU.ActiveCfg = Debug|Any CPU
		{10E1ACE8-7378-481C-BDE8-C09B14210515}.Debug|Any CPU.Build.0 = Debug|Any CPU
		{10E1ACE8-7378-481C-BDE8-C09B14210515}.Release|Any CPU.ActiveCfg = Release|Any CPU
		{10E1ACE8-7378-481C-BDE8-C09B14210515}.Release|Any CPU.Build.0 = Release|Any CPU
		{A7211270-67AF-4AD9-AE80-0565C7A06408}.Debug|Any CPU.ActiveCfg = Debug|Any CPU
		{A7211270-67AF-4AD9-AE80-0565C7A06408}.Debug|Any CPU.Build.0 = Debug|Any CPU
		{A7211270-67AF-4AD9-AE80-0565C7A06408}.Release|Any CPU.ActiveCfg = Release|Any CPU
		{A7211270-67AF-4AD9-AE80-0565C7A06408}.Release|Any CPU.Build.0 = Release|Any CPU
		{131087AF-7615-4E46-B62D-B705567452CD}.Debug|Any CPU.ActiveCfg = Debug|Any CPU
		{131087AF-7615-4E46-B62D-B705567452CD}.Debug|Any CPU.Build.0 = Debug|Any CPU
		{131087AF-7615-4E46-B62D-B705567452CD}.Release|Any CPU.ActiveCfg = Release|Any CPU
		{131087AF-7615-4E46-B62D-B705567452CD}.Release|Any CPU.Build.0 = Release|Any CPU
		{051E8A0E-A2C1-4D70-A905-A6977C894CC5}.Debug|Any CPU.ActiveCfg = Debug|Any CPU
		{051E8A0E-A2C1-4D70-A905-A6977C894CC5}.Debug|Any CPU.Build.0 = Debug|Any CPU
		{051E8A0E-A2C1-4D70-A905-A6977C894CC5}.Release|Any CPU.ActiveCfg = Release|Any CPU
		{051E8A0E-A2C1-4D70-A905-A6977C894CC5}.Release|Any CPU.Build.0 = Release|Any CPU
		{D6C53B12-C4DE-4BC9-9F80-CAA9FCDD1C05}.Debug|Any CPU.ActiveCfg = Debug|Any CPU
		{D6C53B12-C4DE-4BC9-9F80-CAA9FCDD1C05}.Debug|Any CPU.Build.0 = Debug|Any CPU
		{D6C53B12-C4DE-4BC9-9F80-CAA9FCDD1C05}.Release|Any CPU.ActiveCfg = Release|Any CPU
		{D6C53B12-C4DE-4BC9-9F80-CAA9FCDD1C05}.Release|Any CPU.Build.0 = Release|Any CPU
		{211A3C23-AC29-422B-8CE2-42E956A574B2}.Debug|Any CPU.ActiveCfg = Debug|Any CPU
		{211A3C23-AC29-422B-8CE2-42E956A574B2}.Debug|Any CPU.Build.0 = Debug|Any CPU
		{211A3C23-AC29-422B-8CE2-42E956A574B2}.Release|Any CPU.ActiveCfg = Release|Any CPU
		{211A3C23-AC29-422B-8CE2-42E956A574B2}.Release|Any CPU.Build.0 = Release|Any CPU
		{12DC2A5B-61B5-4325-9EAA-B8F74985CDCB}.Debug|Any CPU.ActiveCfg = Debug|Any CPU
		{12DC2A5B-61B5-4325-9EAA-B8F74985CDCB}.Debug|Any CPU.Build.0 = Debug|Any CPU
		{12DC2A5B-61B5-4325-9EAA-B8F74985CDCB}.Release|Any CPU.ActiveCfg = Release|Any CPU
		{12DC2A5B-61B5-4325-9EAA-B8F74985CDCB}.Release|Any CPU.Build.0 = Release|Any CPU
		{597EF140-930E-4D8C-83D0-C3D9DF449757}.Debug|Any CPU.ActiveCfg = Debug|Any CPU
		{597EF140-930E-4D8C-83D0-C3D9DF449757}.Debug|Any CPU.Build.0 = Debug|Any CPU
		{597EF140-930E-4D8C-83D0-C3D9DF449757}.Release|Any CPU.ActiveCfg = Release|Any CPU
		{597EF140-930E-4D8C-83D0-C3D9DF449757}.Release|Any CPU.Build.0 = Release|Any CPU
		{B0CB2129-418E-4DBE-85A5-18C620B2FC03}.Debug|Any CPU.ActiveCfg = Debug|Any CPU
		{B0CB2129-418E-4DBE-85A5-18C620B2FC03}.Debug|Any CPU.Build.0 = Debug|Any CPU
		{B0CB2129-418E-4DBE-85A5-18C620B2FC03}.Release|Any CPU.ActiveCfg = Release|Any CPU
		{B0CB2129-418E-4DBE-85A5-18C620B2FC03}.Release|Any CPU.Build.0 = Release|Any CPU
		{7FD2FC6D-1F91-403C-A74C-F2377431E711}.Debug|Any CPU.ActiveCfg = Debug|Any CPU
		{7FD2FC6D-1F91-403C-A74C-F2377431E711}.Debug|Any CPU.Build.0 = Debug|Any CPU
		{7FD2FC6D-1F91-403C-A74C-F2377431E711}.Release|Any CPU.ActiveCfg = Release|Any CPU
		{7FD2FC6D-1F91-403C-A74C-F2377431E711}.Release|Any CPU.Build.0 = Release|Any CPU
		{51AF8BBB-45E5-4192-A87A-5B0E11F56EF7}.Debug|Any CPU.ActiveCfg = Debug|Any CPU
		{51AF8BBB-45E5-4192-A87A-5B0E11F56EF7}.Debug|Any CPU.Build.0 = Debug|Any CPU
		{51AF8BBB-45E5-4192-A87A-5B0E11F56EF7}.Release|Any CPU.ActiveCfg = Release|Any CPU
		{51AF8BBB-45E5-4192-A87A-5B0E11F56EF7}.Release|Any CPU.Build.0 = Release|Any CPU
		{9A0F26DD-E891-487C-AABB-25524142D32F}.Debug|Any CPU.ActiveCfg = Debug|Any CPU
		{9A0F26DD-E891-487C-AABB-25524142D32F}.Debug|Any CPU.Build.0 = Debug|Any CPU
		{9A0F26DD-E891-487C-AABB-25524142D32F}.Release|Any CPU.ActiveCfg = Release|Any CPU
		{9A0F26DD-E891-487C-AABB-25524142D32F}.Release|Any CPU.Build.0 = Release|Any CPU
		{909328BA-326F-4268-AF32-7E93DAF5C87E}.Debug|Any CPU.ActiveCfg = Debug|Any CPU
		{909328BA-326F-4268-AF32-7E93DAF5C87E}.Debug|Any CPU.Build.0 = Debug|Any CPU
		{909328BA-326F-4268-AF32-7E93DAF5C87E}.Release|Any CPU.ActiveCfg = Release|Any CPU
		{909328BA-326F-4268-AF32-7E93DAF5C87E}.Release|Any CPU.Build.0 = Release|Any CPU
		{368F6836-C22D-4A0B-94A4-2F9C1AC5E929}.Debug|Any CPU.ActiveCfg = Debug|Any CPU
		{368F6836-C22D-4A0B-94A4-2F9C1AC5E929}.Debug|Any CPU.Build.0 = Debug|Any CPU
		{368F6836-C22D-4A0B-94A4-2F9C1AC5E929}.Release|Any CPU.ActiveCfg = Release|Any CPU
		{368F6836-C22D-4A0B-94A4-2F9C1AC5E929}.Release|Any CPU.Build.0 = Release|Any CPU
	EndGlobalSection
	GlobalSection(SolutionProperties) = preSolution
		HideSolutionNode = FALSE
	EndGlobalSection
	GlobalSection(ExtensibilityGlobals) = postSolution
		SolutionGuid = {86CAC513-D30F-4DE4-BCAD-091DD1406E8B}
	EndGlobalSection
EndGlobal
